// !$*UTF8*$!
{
	archiveVersion = 1;
	classes = {
	};
	objectVersion = 50;
	objects = {

/* Begin PBXBuildFile section */
		7181B84324B3791600500479 /* AppDelegate.m in Sources */ = {isa = PBXBuildFile; fileRef = 7181B84224B3791600500479 /* AppDelegate.m */; };
		7181B84624B3791600500479 /* SceneDelegate.m in Sources */ = {isa = PBXBuildFile; fileRef = 7181B84524B3791600500479 /* SceneDelegate.m */; };
		7181B84924B3791600500479 /* ViewController.m in Sources */ = {isa = PBXBuildFile; fileRef = 7181B84824B3791600500479 /* ViewController.m */; };
		7181B84C24B3791600500479 /* Main.storyboard in Resources */ = {isa = PBXBuildFile; fileRef = 7181B84A24B3791600500479 /* Main.storyboard */; };
		7181B84E24B3791700500479 /* Assets.xcassets in Resources */ = {isa = PBXBuildFile; fileRef = 7181B84D24B3791700500479 /* Assets.xcassets */; };
		7181B85124B3791700500479 /* LaunchScreen.storyboard in Resources */ = {isa = PBXBuildFile; fileRef = 7181B84F24B3791700500479 /* LaunchScreen.storyboard */; };
		7181B85424B3791700500479 /* main.m in Sources */ = {isa = PBXBuildFile; fileRef = 7181B85324B3791700500479 /* main.m */; };
		7181B85E24B3791800500479 /* ParseChatTests.m in Sources */ = {isa = PBXBuildFile; fileRef = 7181B85D24B3791800500479 /* ParseChatTests.m */; };
		7181B86924B3791800500479 /* ParseChatUITests.m in Sources */ = {isa = PBXBuildFile; fileRef = 7181B86824B3791800500479 /* ParseChatUITests.m */; };
/* End PBXBuildFile section */

/* Begin PBXContainerItemProxy section */
		7181B85A24B3791800500479 /* PBXContainerItemProxy */ = {
			isa = PBXContainerItemProxy;
			containerPortal = 7181B83624B3791600500479 /* Project object */;
			proxyType = 1;
			remoteGlobalIDString = 7181B83D24B3791600500479;
			remoteInfo = ParseChat;
		};
		7181B86524B3791800500479 /* PBXContainerItemProxy */ = {
			isa = PBXContainerItemProxy;
			containerPortal = 7181B83624B3791600500479 /* Project object */;
			proxyType = 1;
			remoteGlobalIDString = 7181B83D24B3791600500479;
			remoteInfo = ParseChat;
		};
/* End PBXContainerItemProxy section */

/* Begin PBXFileReference section */
		7181B83E24B3791600500479 /* ParseChat.app */ = {isa = PBXFileReference; explicitFileType = wrapper.application; includeInIndex = 0; path = ParseChat.app; sourceTree = BUILT_PRODUCTS_DIR; };
		7181B84124B3791600500479 /* AppDelegate.h */ = {isa = PBXFileReference; lastKnownFileType = sourcecode.c.h; path = AppDelegate.h; sourceTree = "<group>"; };
		7181B84224B3791600500479 /* AppDelegate.m */ = {isa = PBXFileReference; lastKnownFileType = sourcecode.c.objc; path = AppDelegate.m; sourceTree = "<group>"; };
		7181B84424B3791600500479 /* SceneDelegate.h */ = {isa = PBXFileReference; lastKnownFileType = sourcecode.c.h; path = SceneDelegate.h; sourceTree = "<group>"; };
		7181B84524B3791600500479 /* SceneDelegate.m */ = {isa = PBXFileReference; lastKnownFileType = sourcecode.c.objc; path = SceneDelegate.m; sourceTree = "<group>"; };
		7181B84724B3791600500479 /* ViewController.h */ = {isa = PBXFileReference; lastKnownFileType = sourcecode.c.h; path = ViewController.h; sourceTree = "<group>"; };
		7181B84824B3791600500479 /* ViewController.m */ = {isa = PBXFileReference; lastKnownFileType = sourcecode.c.objc; path = ViewController.m; sourceTree = "<group>"; };
		7181B84B24B3791600500479 /* Base */ = {isa = PBXFileReference; lastKnownFileType = file.storyboard; name = Base; path = Base.lproj/Main.storyboard; sourceTree = "<group>"; };
		7181B84D24B3791700500479 /* Assets.xcassets */ = {isa = PBXFileReference; lastKnownFileType = folder.assetcatalog; path = Assets.xcassets; sourceTree = "<group>"; };
		7181B85024B3791700500479 /* Base */ = {isa = PBXFileReference; lastKnownFileType = file.storyboard; name = Base; path = Base.lproj/LaunchScreen.storyboard; sourceTree = "<group>"; };
		7181B85224B3791700500479 /* Info.plist */ = {isa = PBXFileReference; lastKnownFileType = text.plist.xml; path = Info.plist; sourceTree = "<group>"; };
		7181B85324B3791700500479 /* main.m */ = {isa = PBXFileReference; lastKnownFileType = sourcecode.c.objc; path = main.m; sourceTree = "<group>"; };
		7181B85924B3791800500479 /* ParseChatTests.xctest */ = {isa = PBXFileReference; explicitFileType = wrapper.cfbundle; includeInIndex = 0; path = ParseChatTests.xctest; sourceTree = BUILT_PRODUCTS_DIR; };
		7181B85D24B3791800500479 /* ParseChatTests.m */ = {isa = PBXFileReference; lastKnownFileType = sourcecode.c.objc; path = ParseChatTests.m; sourceTree = "<group>"; };
		7181B85F24B3791800500479 /* Info.plist */ = {isa = PBXFileReference; lastKnownFileType = text.plist.xml; path = Info.plist; sourceTree = "<group>"; };
		7181B86424B3791800500479 /* ParseChatUITests.xctest */ = {isa = PBXFileReference; explicitFileType = wrapper.cfbundle; includeInIndex = 0; path = ParseChatUITests.xctest; sourceTree = BUILT_PRODUCTS_DIR; };
		7181B86824B3791800500479 /* ParseChatUITests.m */ = {isa = PBXFileReference; lastKnownFileType = sourcecode.c.objc; path = ParseChatUITests.m; sourceTree = "<group>"; };
		7181B86A24B3791800500479 /* Info.plist */ = {isa = PBXFileReference; lastKnownFileType = text.plist.xml; path = Info.plist; sourceTree = "<group>"; };
/* End PBXFileReference section */

/* Begin PBXFrameworksBuildPhase section */
		7181B83B24B3791600500479 /* Frameworks */ = {
			isa = PBXFrameworksBuildPhase;
			buildActionMask = 2147483647;
			files = (
			);
			runOnlyForDeploymentPostprocessing = 0;
		};
		7181B85624B3791800500479 /* Frameworks */ = {
			isa = PBXFrameworksBuildPhase;
			buildActionMask = 2147483647;
			files = (
			);
			runOnlyForDeploymentPostprocessing = 0;
		};
		7181B86124B3791800500479 /* Frameworks */ = {
			isa = PBXFrameworksBuildPhase;
			buildActionMask = 2147483647;
			files = (
			);
			runOnlyForDeploymentPostprocessing = 0;
		};
/* End PBXFrameworksBuildPhase section */

/* Begin PBXGroup section */
		7181B83524B3791600500479 = {
			isa = PBXGroup;
			children = (
				7181B84024B3791600500479 /* ParseChat */,
				7181B85C24B3791800500479 /* ParseChatTests */,
				7181B86724B3791800500479 /* ParseChatUITests */,
				7181B83F24B3791600500479 /* Products */,
			);
			sourceTree = "<group>";
		};
		7181B83F24B3791600500479 /* Products */ = {
			isa = PBXGroup;
			children = (
				7181B83E24B3791600500479 /* ParseChat.app */,
				7181B85924B3791800500479 /* ParseChatTests.xctest */,
				7181B86424B3791800500479 /* ParseChatUITests.xctest */,
			);
			name = Products;
			sourceTree = "<group>";
		};
		7181B84024B3791600500479 /* ParseChat */ = {
			isa = PBXGroup;
			children = (
				7181B84124B3791600500479 /* AppDelegate.h */,
				7181B84224B3791600500479 /* AppDelegate.m */,
				7181B84424B3791600500479 /* SceneDelegate.h */,
				7181B84524B3791600500479 /* SceneDelegate.m */,
				7181B84724B3791600500479 /* ViewController.h */,
				7181B84824B3791600500479 /* ViewController.m */,
				7181B84A24B3791600500479 /* Main.storyboard */,
				7181B84D24B3791700500479 /* Assets.xcassets */,
				7181B84F24B3791700500479 /* LaunchScreen.storyboard */,
				7181B85224B3791700500479 /* Info.plist */,
				7181B85324B3791700500479 /* main.m */,
			);
			path = ParseChat;
			sourceTree = "<group>";
		};
		7181B85C24B3791800500479 /* ParseChatTests */ = {
			isa = PBXGroup;
			children = (
				7181B85D24B3791800500479 /* ParseChatTests.m */,
				7181B85F24B3791800500479 /* Info.plist */,
			);
			path = ParseChatTests;
			sourceTree = "<group>";
		};
		7181B86724B3791800500479 /* ParseChatUITests */ = {
			isa = PBXGroup;
			children = (
				7181B86824B3791800500479 /* ParseChatUITests.m */,
				7181B86A24B3791800500479 /* Info.plist */,
			);
			path = ParseChatUITests;
			sourceTree = "<group>";
		};
/* End PBXGroup section */

/* Begin PBXNativeTarget section */
		7181B83D24B3791600500479 /* ParseChat */ = {
			isa = PBXNativeTarget;
			buildConfigurationList = 7181B86D24B3791800500479 /* Build configuration list for PBXNativeTarget "ParseChat" */;
			buildPhases = (
				7181B83A24B3791600500479 /* Sources */,
				7181B83B24B3791600500479 /* Frameworks */,
				7181B83C24B3791600500479 /* Resources */,
			);
			buildRules = (
			);
			dependencies = (
			);
			name = ParseChat;
			productName = ParseChat;
			productReference = 7181B83E24B3791600500479 /* ParseChat.app */;
			productType = "com.apple.product-type.application";
		};
		7181B85824B3791800500479 /* ParseChatTests */ = {
			isa = PBXNativeTarget;
			buildConfigurationList = 7181B87024B3791800500479 /* Build configuration list for PBXNativeTarget "ParseChatTests" */;
			buildPhases = (
				7181B85524B3791800500479 /* Sources */,
				7181B85624B3791800500479 /* Frameworks */,
				7181B85724B3791800500479 /* Resources */,
			);
			buildRules = (
			);
			dependencies = (
				7181B85B24B3791800500479 /* PBXTargetDependency */,
			);
			name = ParseChatTests;
			productName = ParseChatTests;
			productReference = 7181B85924B3791800500479 /* ParseChatTests.xctest */;
			productType = "com.apple.product-type.bundle.unit-test";
		};
		7181B86324B3791800500479 /* ParseChatUITests */ = {
			isa = PBXNativeTarget;
			buildConfigurationList = 7181B87324B3791800500479 /* Build configuration list for PBXNativeTarget "ParseChatUITests" */;
			buildPhases = (
				7181B86024B3791800500479 /* Sources */,
				7181B86124B3791800500479 /* Frameworks */,
				7181B86224B3791800500479 /* Resources */,
			);
			buildRules = (
			);
			dependencies = (
				7181B86624B3791800500479 /* PBXTargetDependency */,
			);
			name = ParseChatUITests;
			productName = ParseChatUITests;
			productReference = 7181B86424B3791800500479 /* ParseChatUITests.xctest */;
			productType = "com.apple.product-type.bundle.ui-testing";
		};
/* End PBXNativeTarget section */

/* Begin PBXProject section */
		7181B83624B3791600500479 /* Project object */ = {
			isa = PBXProject;
			attributes = {
				LastUpgradeCheck = 1150;
				ORGANIZATIONNAME = meganyu;
				TargetAttributes = {
					7181B83D24B3791600500479 = {
						CreatedOnToolsVersion = 11.5;
					};
					7181B85824B3791800500479 = {
						CreatedOnToolsVersion = 11.5;
						TestTargetID = 7181B83D24B3791600500479;
					};
					7181B86324B3791800500479 = {
						CreatedOnToolsVersion = 11.5;
						TestTargetID = 7181B83D24B3791600500479;
					};
				};
			};
			buildConfigurationList = 7181B83924B3791600500479 /* Build configuration list for PBXProject "ParseChat" */;
			compatibilityVersion = "Xcode 9.3";
			developmentRegion = en;
			hasScannedForEncodings = 0;
			knownRegions = (
				en,
				Base,
			);
			mainGroup = 7181B83524B3791600500479;
			productRefGroup = 7181B83F24B3791600500479 /* Products */;
			projectDirPath = "";
			projectRoot = "";
			targets = (
				7181B83D24B3791600500479 /* ParseChat */,
				7181B85824B3791800500479 /* ParseChatTests */,
				7181B86324B3791800500479 /* ParseChatUITests */,
			);
		};
/* End PBXProject section */

/* Begin PBXResourcesBuildPhase section */
		7181B83C24B3791600500479 /* Resources */ = {
			isa = PBXResourcesBuildPhase;
			buildActionMask = 2147483647;
			files = (
				7181B85124B3791700500479 /* LaunchScreen.storyboard in Resources */,
				7181B84E24B3791700500479 /* Assets.xcassets in Resources */,
				7181B84C24B3791600500479 /* Main.storyboard in Resources */,
			);
			runOnlyForDeploymentPostprocessing = 0;
		};
		7181B85724B3791800500479 /* Resources */ = {
			isa = PBXResourcesBuildPhase;
			buildActionMask = 2147483647;
			files = (
			);
			runOnlyForDeploymentPostprocessing = 0;
		};
		7181B86224B3791800500479 /* Resources */ = {
			isa = PBXResourcesBuildPhase;
			buildActionMask = 2147483647;
			files = (
			);
			runOnlyForDeploymentPostprocessing = 0;
		};
/* End PBXResourcesBuildPhase section */

/* Begin PBXSourcesBuildPhase section */
		7181B83A24B3791600500479 /* Sources */ = {
			isa = PBXSourcesBuildPhase;
			buildActionMask = 2147483647;
			files = (
				7181B84924B3791600500479 /* ViewController.m in Sources */,
				7181B84324B3791600500479 /* AppDelegate.m in Sources */,
				7181B85424B3791700500479 /* main.m in Sources */,
				7181B84624B3791600500479 /* SceneDelegate.m in Sources */,
			);
			runOnlyForDeploymentPostprocessing = 0;
		};
		7181B85524B3791800500479 /* Sources */ = {
			isa = PBXSourcesBuildPhase;
			buildActionMask = 2147483647;
			files = (
				7181B85E24B3791800500479 /* ParseChatTests.m in Sources */,
			);
			runOnlyForDeploymentPostprocessing = 0;
		};
		7181B86024B3791800500479 /* Sources */ = {
			isa = PBXSourcesBuildPhase;
			buildActionMask = 2147483647;
			files = (
				7181B86924B3791800500479 /* ParseChatUITests.m in Sources */,
			);
			runOnlyForDeploymentPostprocessing = 0;
		};
/* End PBXSourcesBuildPhase section */

/* Begin PBXTargetDependency section */
		7181B85B24B3791800500479 /* PBXTargetDependency */ = {
			isa = PBXTargetDependency;
			target = 7181B83D24B3791600500479 /* ParseChat */;
			targetProxy = 7181B85A24B3791800500479 /* PBXContainerItemProxy */;
		};
		7181B86624B3791800500479 /* PBXTargetDependency */ = {
			isa = PBXTargetDependency;
			target = 7181B83D24B3791600500479 /* ParseChat */;
			targetProxy = 7181B86524B3791800500479 /* PBXContainerItemProxy */;
		};
/* End PBXTargetDependency section */

/* Begin PBXVariantGroup section */
		7181B84A24B3791600500479 /* Main.storyboard */ = {
			isa = PBXVariantGroup;
			children = (
				7181B84B24B3791600500479 /* Base */,
			);
			name = Main.storyboard;
			sourceTree = "<group>";
		};
		7181B84F24B3791700500479 /* LaunchScreen.storyboard */ = {
			isa = PBXVariantGroup;
			children = (
				7181B85024B3791700500479 /* Base */,
			);
			name = LaunchScreen.storyboard;
			sourceTree = "<group>";
		};
/* End PBXVariantGroup section */

/* Begin XCBuildConfiguration section */
		7181B86B24B3791800500479 /* Debug */ = {
			isa = XCBuildConfiguration;
			buildSettings = {
				ALWAYS_SEARCH_USER_PATHS = NO;
				CLANG_ANALYZER_NONNULL = YES;
				CLANG_ANALYZER_NUMBER_OBJECT_CONVERSION = YES_AGGRESSIVE;
				CLANG_CXX_LANGUAGE_STANDARD = "gnu++14";
				CLANG_CXX_LIBRARY = "libc++";
				CLANG_ENABLE_MODULES = YES;
				CLANG_ENABLE_OBJC_ARC = YES;
				CLANG_ENABLE_OBJC_WEAK = YES;
				CLANG_WARN_BLOCK_CAPTURE_AUTORELEASING = YES;
				CLANG_WARN_BOOL_CONVERSION = YES;
				CLANG_WARN_COMMA = YES;
				CLANG_WARN_CONSTANT_CONVERSION = YES;
				CLANG_WARN_DEPRECATED_OBJC_IMPLEMENTATIONS = YES;
				CLANG_WARN_DIRECT_OBJC_ISA_USAGE = YES_ERROR;
				CLANG_WARN_DOCUMENTATION_COMMENTS = YES;
				CLANG_WARN_EMPTY_BODY = YES;
				CLANG_WARN_ENUM_CONVERSION = YES;
				CLANG_WARN_INFINITE_RECURSION = YES;
				CLANG_WARN_INT_CONVERSION = YES;
				CLANG_WARN_NON_LITERAL_NULL_CONVERSION = YES;
				CLANG_WARN_OBJC_IMPLICIT_RETAIN_SELF = YES;
				CLANG_WARN_OBJC_LITERAL_CONVERSION = YES;
				CLANG_WARN_OBJC_ROOT_CLASS = YES_ERROR;
				CLANG_WARN_RANGE_LOOP_ANALYSIS = YES;
				CLANG_WARN_STRICT_PROTOTYPES = YES;
				CLANG_WARN_SUSPICIOUS_MOVE = YES;
				CLANG_WARN_UNGUARDED_AVAILABILITY = YES_AGGRESSIVE;
				CLANG_WARN_UNREACHABLE_CODE = YES;
				CLANG_WARN__DUPLICATE_METHOD_MATCH = YES;
				COPY_PHASE_STRIP = NO;
				DEBUG_INFORMATION_FORMAT = dwarf;
				ENABLE_STRICT_OBJC_MSGSEND = YES;
				ENABLE_TESTABILITY = YES;
				GCC_C_LANGUAGE_STANDARD = gnu11;
				GCC_DYNAMIC_NO_PIC = NO;
				GCC_NO_COMMON_BLOCKS = YES;
				GCC_OPTIMIZATION_LEVEL = 0;
				GCC_PREPROCESSOR_DEFINITIONS = (
					"DEBUG=1",
					"$(inherited)",
				);
				GCC_WARN_64_TO_32_BIT_CONVERSION = YES;
				GCC_WARN_ABOUT_RETURN_TYPE = YES_ERROR;
				GCC_WARN_UNDECLARED_SELECTOR = YES;
				GCC_WARN_UNINITIALIZED_AUTOS = YES_AGGRESSIVE;
				GCC_WARN_UNUSED_FUNCTION = YES;
				GCC_WARN_UNUSED_VARIABLE = YES;
				IPHONEOS_DEPLOYMENT_TARGET = 13.5;
				MTL_ENABLE_DEBUG_INFO = INCLUDE_SOURCE;
				MTL_FAST_MATH = YES;
				ONLY_ACTIVE_ARCH = YES;
				SDKROOT = iphoneos;
			};
			name = Debug;
		};
		7181B86C24B3791800500479 /* Release */ = {
			isa = XCBuildConfiguration;
			buildSettings = {
				ALWAYS_SEARCH_USER_PATHS = NO;
				CLANG_ANALYZER_NONNULL = YES;
				CLANG_ANALYZER_NUMBER_OBJECT_CONVERSION = YES_AGGRESSIVE;
				CLANG_CXX_LANGUAGE_STANDARD = "gnu++14";
				CLANG_CXX_LIBRARY = "libc++";
				CLANG_ENABLE_MODULES = YES;
				CLANG_ENABLE_OBJC_ARC = YES;
				CLANG_ENABLE_OBJC_WEAK = YES;
				CLANG_WARN_BLOCK_CAPTURE_AUTORELEASING = YES;
				CLANG_WARN_BOOL_CONVERSION = YES;
				CLANG_WARN_COMMA = YES;
				CLANG_WARN_CONSTANT_CONVERSION = YES;
				CLANG_WARN_DEPRECATED_OBJC_IMPLEMENTATIONS = YES;
				CLANG_WARN_DIRECT_OBJC_ISA_USAGE = YES_ERROR;
				CLANG_WARN_DOCUMENTATION_COMMENTS = YES;
				CLANG_WARN_EMPTY_BODY = YES;
				CLANG_WARN_ENUM_CONVERSION = YES;
				CLANG_WARN_INFINITE_RECURSION = YES;
				CLANG_WARN_INT_CONVERSION = YES;
				CLANG_WARN_NON_LITERAL_NULL_CONVERSION = YES;
				CLANG_WARN_OBJC_IMPLICIT_RETAIN_SELF = YES;
				CLANG_WARN_OBJC_LITERAL_CONVERSION = YES;
				CLANG_WARN_OBJC_ROOT_CLASS = YES_ERROR;
				CLANG_WARN_RANGE_LOOP_ANALYSIS = YES;
				CLANG_WARN_STRICT_PROTOTYPES = YES;
				CLANG_WARN_SUSPICIOUS_MOVE = YES;
				CLANG_WARN_UNGUARDED_AVAILABILITY = YES_AGGRESSIVE;
				CLANG_WARN_UNREACHABLE_CODE = YES;
				CLANG_WARN__DUPLICATE_METHOD_MATCH = YES;
				COPY_PHASE_STRIP = NO;
				DEBUG_INFORMATION_FORMAT = "dwarf-with-dsym";
				ENABLE_NS_ASSERTIONS = NO;
				ENABLE_STRICT_OBJC_MSGSEND = YES;
				GCC_C_LANGUAGE_STANDARD = gnu11;
				GCC_NO_COMMON_BLOCKS = YES;
				GCC_WARN_64_TO_32_BIT_CONVERSION = YES;
				GCC_WARN_ABOUT_RETURN_TYPE = YES_ERROR;
				GCC_WARN_UNDECLARED_SELECTOR = YES;
				GCC_WARN_UNINITIALIZED_AUTOS = YES_AGGRESSIVE;
				GCC_WARN_UNUSED_FUNCTION = YES;
				GCC_WARN_UNUSED_VARIABLE = YES;
				IPHONEOS_DEPLOYMENT_TARGET = 13.5;
				MTL_ENABLE_DEBUG_INFO = NO;
				MTL_FAST_MATH = YES;
				SDKROOT = iphoneos;
				VALIDATE_PRODUCT = YES;
			};
			name = Release;
		};
		7181B86E24B3791800500479 /* Debug */ = {
			isa = XCBuildConfiguration;
			buildSettings = {
				ASSETCATALOG_COMPILER_APPICON_NAME = AppIcon;
				CODE_SIGN_STYLE = Automatic;
				DEVELOPMENT_TEAM = 8652WRRVFY;
				INFOPLIST_FILE = ParseChat/Info.plist;
				LD_RUNPATH_SEARCH_PATHS = (
					"$(inherited)",
					"@executable_path/Frameworks",
				);
				PRODUCT_BUNDLE_IDENTIFIER = com.meganyu.ParseChat;
				PRODUCT_NAME = "$(TARGET_NAME)";
				TARGETED_DEVICE_FAMILY = "1,2";
			};
			name = Debug;
		};
		7181B86F24B3791800500479 /* Release */ = {
			isa = XCBuildConfiguration;
			buildSettings = {
				ASSETCATALOG_COMPILER_APPICON_NAME = AppIcon;
				CODE_SIGN_STYLE = Automatic;
				DEVELOPMENT_TEAM = 8652WRRVFY;
				INFOPLIST_FILE = ParseChat/Info.plist;
				LD_RUNPATH_SEARCH_PATHS = (
					"$(inherited)",
					"@executable_path/Frameworks",
				);
				PRODUCT_BUNDLE_IDENTIFIER = com.meganyu.ParseChat;
				PRODUCT_NAME = "$(TARGET_NAME)";
				TARGETED_DEVICE_FAMILY = "1,2";
			};
			name = Release;
		};
		7181B87124B3791800500479 /* Debug */ = {
			isa = XCBuildConfiguration;
			buildSettings = {
				BUNDLE_LOADER = "$(TEST_HOST)";
				CODE_SIGN_STYLE = Automatic;
				DEVELOPMENT_TEAM = 8652WRRVFY;
				INFOPLIST_FILE = ParseChatTests/Info.plist;
				IPHONEOS_DEPLOYMENT_TARGET = 13.5;
				LD_RUNPATH_SEARCH_PATHS = (
					"$(inherited)",
					"@executable_path/Frameworks",
					"@loader_path/Frameworks",
				);
				PRODUCT_BUNDLE_IDENTIFIER = com.meganyu.ParseChatTests;
				PRODUCT_NAME = "$(TARGET_NAME)";
				TARGETED_DEVICE_FAMILY = "1,2";
				TEST_HOST = "$(BUILT_PRODUCTS_DIR)/ParseChat.app/ParseChat";
			};
			name = Debug;
		};
		7181B87224B3791800500479 /* Release */ = {
			isa = XCBuildConfiguration;
			buildSettings = {
				BUNDLE_LOADER = "$(TEST_HOST)";
				CODE_SIGN_STYLE = Automatic;
				DEVELOPMENT_TEAM = 8652WRRVFY;
				INFOPLIST_FILE = ParseChatTests/Info.plist;
				IPHONEOS_DEPLOYMENT_TARGET = 13.5;
				LD_RUNPATH_SEARCH_PATHS = (
					"$(inherited)",
					"@executable_path/Frameworks",
					"@loader_path/Frameworks",
				);
				PRODUCT_BUNDLE_IDENTIFIER = com.meganyu.ParseChatTests;
				PRODUCT_NAME = "$(TARGET_NAME)";
				TARGETED_DEVICE_FAMILY = "1,2";
				TEST_HOST = "$(BUILT_PRODUCTS_DIR)/ParseChat.app/ParseChat";
			};
			name = Release;
		};
		7181B87424B3791800500479 /* Debug */ = {
			isa = XCBuildConfiguration;
			buildSettings = {
				CODE_SIGN_STYLE = Automatic;
				DEVELOPMENT_TEAM = 8652WRRVFY;
				INFOPLIST_FILE = ParseChatUITests/Info.plist;
				LD_RUNPATH_SEARCH_PATHS = (
					"$(inherited)",
					"@executable_path/Frameworks",
					"@loader_path/Frameworks",
				);
				PRODUCT_BUNDLE_IDENTIFIER = com.meganyu.ParseChatUITests;
				PRODUCT_NAME = "$(TARGET_NAME)";
				TARGETED_DEVICE_FAMILY = "1,2";
				TEST_TARGET_NAME = ParseChat;
			};
			name = Debug;
		};
		7181B87524B3791800500479 /* Release */ = {
			isa = XCBuildConfiguration;
			buildSettings = {
				CODE_SIGN_STYLE = Automatic;
				DEVELOPMENT_TEAM = 8652WRRVFY;
				INFOPLIST_FILE = ParseChatUITests/Info.plist;
				LD_RUNPATH_SEARCH_PATHS = (
					"$(inherited)",
					"@executable_path/Frameworks",
					"@loader_path/Frameworks",
				);
				PRODUCT_BUNDLE_IDENTIFIER = com.meganyu.ParseChatUITests;
				PRODUCT_NAME = "$(TARGET_NAME)";
				TARGETED_DEVICE_FAMILY = "1,2";
				TEST_TARGET_NAME = ParseChat;
			};
			name = Release;
		};
/* End XCBuildConfiguration section */

/* Begin XCConfigurationList section */
		7181B83924B3791600500479 /* Build configuration list for PBXProject "ParseChat" */ = {
			isa = XCConfigurationList;
			buildConfigurations = (
				7181B86B24B3791800500479 /* Debug */,
				7181B86C24B3791800500479 /* Release */,
			);
			defaultConfigurationIsVisible = 0;
			defaultConfigurationName = Release;
		};
		7181B86D24B3791800500479 /* Build configuration list for PBXNativeTarget "ParseChat" */ = {
			isa = XCConfigurationList;
			buildConfigurations = (
				7181B86E24B3791800500479 /* Debug */,
				7181B86F24B3791800500479 /* Release */,
			);
			defaultConfigurationIsVisible = 0;
			defaultConfigurationName = Release;
		};
		7181B87024B3791800500479 /* Build configuration list for PBXNativeTarget "ParseChatTests" */ = {
			isa = XCConfigurationList;
			buildConfigurations = (
				7181B87124B3791800500479 /* Debug */,
				7181B87224B3791800500479 /* Release */,
			);
			defaultConfigurationIsVisible = 0;
			defaultConfigurationName = Release;
		};
		7181B87324B3791800500479 /* Build configuration list for PBXNativeTarget "ParseChatUITests" */ = {
			isa = XCConfigurationList;
			buildConfigurations = (
				7181B87424B3791800500479 /* Debug */,
				7181B87524B3791800500479 /* Release */,
			);
			defaultConfigurationIsVisible = 0;
			defaultConfigurationName = Release;
		};
/* End XCConfigurationList section */
	};
	rootObject = 7181B83624B3791600500479 /* Project object */;
}
